<Solution>
  <Folder Name="/src/">
    <Project Path="src/DisplayRotate/DisplayRotate.csproj" />
    <Project Path="src/DisplayRotate.Core/DisplayRotate.Core.csproj" />
  </Folder>
  <Folder Name="/tests/">
    <Project Path="tests/DisplayRotate.Tests/DisplayRotate.Tests.csproj" />
  </Folder>
</Solution>
